// !$*UTF8*$!
{
	archiveVersion = 1;
	classes = {
	};
	objectVersion = 50;
	objects = {

/* Begin PBXBuildFile section */
		6840F3E425B8902B00410E29 /* AppDelegate.swift in Sources */ = {isa = PBXBuildFile; fileRef = 6840F3E325B8902B00410E29 /* AppDelegate.swift */; };
		6840F3E625B8902B00410E29 /* SceneDelegate.swift in Sources */ = {isa = PBXBuildFile; fileRef = 6840F3E525B8902B00410E29 /* SceneDelegate.swift */; };
		6840F3E825B8902B00410E29 /* ViewController.swift in Sources */ = {isa = PBXBuildFile; fileRef = 6840F3E725B8902B00410E29 /* ViewController.swift */; };
		6840F3EB25B8902B00410E29 /* Main.storyboard in Resources */ = {isa = PBXBuildFile; fileRef = 6840F3E925B8902B00410E29 /* Main.storyboard */; };
		6840F3ED25B8903800410E29 /* Assets.xcassets in Resources */ = {isa = PBXBuildFile; fileRef = 6840F3EC25B8903800410E29 /* Assets.xcassets */; };
		6840F3F025B8903800410E29 /* LaunchScreen.storyboard in Resources */ = {isa = PBXBuildFile; fileRef = 6840F3EE25B8903800410E29 /* LaunchScreen.storyboard */; };
		6840F3FB25B8903900410E29 /* PracticeTests.swift in Sources */ = {isa = PBXBuildFile; fileRef = 6840F3FA25B8903900410E29 /* PracticeTests.swift */; };
		6840F40625B8903900410E29 /* PracticeUITests.swift in Sources */ = {isa = PBXBuildFile; fileRef = 6840F40525B8903900410E29 /* PracticeUITests.swift */; };
/* End PBXBuildFile section */

/* Begin PBXContainerItemProxy section */
		6840F3F725B8903900410E29 /* PBXContainerItemProxy */ = {
			isa = PBXContainerItemProxy;
			containerPortal = 6840F3D825B8902B00410E29 /* Project object */;
			proxyType = 1;
			remoteGlobalIDString = 6840F3DF25B8902B00410E29;
			remoteInfo = Practice;
		};
		6840F40225B8903900410E29 /* PBXContainerItemProxy */ = {
			isa = PBXContainerItemProxy;
			containerPortal = 6840F3D825B8902B00410E29 /* Project object */;
			proxyType = 1;
			remoteGlobalIDString = 6840F3DF25B8902B00410E29;
			remoteInfo = Practice;
		};
/* End PBXContainerItemProxy section */

/* Begin PBXFileReference section */
		6840F3E025B8902B00410E29 /* Practice.app */ = {isa = PBXFileReference; explicitFileType = wrapper.application; includeInIndex = 0; path = Practice.app; sourceTree = BUILT_PRODUCTS_DIR; };
		6840F3E325B8902B00410E29 /* AppDelegate.swift */ = {isa = PBXFileReference; lastKnownFileType = sourcecode.swift; path = AppDelegate.swift; sourceTree = "<group>"; };
		6840F3E525B8902B00410E29 /* SceneDelegate.swift */ = {isa = PBXFileReference; lastKnownFileType = sourcecode.swift; path = SceneDelegate.swift; sourceTree = "<group>"; };
		6840F3E725B8902B00410E29 /* ViewController.swift */ = {isa = PBXFileReference; lastKnownFileType = sourcecode.swift; path = ViewController.swift; sourceTree = "<group>"; };
		6840F3EA25B8902B00410E29 /* Base */ = {isa = PBXFileReference; lastKnownFileType = file.storyboard; name = Base; path = Base.lproj/Main.storyboard; sourceTree = "<group>"; };
		6840F3EC25B8903800410E29 /* Assets.xcassets */ = {isa = PBXFileReference; lastKnownFileType = folder.assetcatalog; path = Assets.xcassets; sourceTree = "<group>"; };
		6840F3EF25B8903800410E29 /* Base */ = {isa = PBXFileReference; lastKnownFileType = file.storyboard; name = Base; path = Base.lproj/LaunchScreen.storyboard; sourceTree = "<group>"; };
		6840F3F125B8903800410E29 /* Info.plist */ = {isa = PBXFileReference; lastKnownFileType = text.plist.xml; path = Info.plist; sourceTree = "<group>"; };
		6840F3F625B8903900410E29 /* PracticeTests.xctest */ = {isa = PBXFileReference; explicitFileType = wrapper.cfbundle; includeInIndex = 0; path = PracticeTests.xctest; sourceTree = BUILT_PRODUCTS_DIR; };
		6840F3FA25B8903900410E29 /* PracticeTests.swift */ = {isa = PBXFileReference; lastKnownFileType = sourcecode.swift; path = PracticeTests.swift; sourceTree = "<group>"; };
		6840F3FC25B8903900410E29 /* Info.plist */ = {isa = PBXFileReference; lastKnownFileType = text.plist.xml; path = Info.plist; sourceTree = "<group>"; };
		6840F40125B8903900410E29 /* PracticeUITests.xctest */ = {isa = PBXFileReference; explicitFileType = wrapper.cfbundle; includeInIndex = 0; path = PracticeUITests.xctest; sourceTree = BUILT_PRODUCTS_DIR; };
		6840F40525B8903900410E29 /* PracticeUITests.swift */ = {isa = PBXFileReference; lastKnownFileType = sourcecode.swift; path = PracticeUITests.swift; sourceTree = "<group>"; };
		6840F40725B8903900410E29 /* Info.plist */ = {isa = PBXFileReference; lastKnownFileType = text.plist.xml; path = Info.plist; sourceTree = "<group>"; };
/* End PBXFileReference section */

/* Begin PBXFrameworksBuildPhase section */
		6840F3DD25B8902B00410E29 /* Frameworks */ = {
			isa = PBXFrameworksBuildPhase;
			buildActionMask = 2147483647;
			files = (
			);
			runOnlyForDeploymentPostprocessing = 0;
		};
		6840F3F325B8903900410E29 /* Frameworks */ = {
			isa = PBXFrameworksBuildPhase;
			buildActionMask = 2147483647;
			files = (
			);
			runOnlyForDeploymentPostprocessing = 0;
		};
		6840F3FE25B8903900410E29 /* Frameworks */ = {
			isa = PBXFrameworksBuildPhase;
			buildActionMask = 2147483647;
			files = (
			);
			runOnlyForDeploymentPostprocessing = 0;
		};
/* End PBXFrameworksBuildPhase section */

/* Begin PBXGroup section */
		6840F3D725B8902B00410E29 = {
			isa = PBXGroup;
			children = (
				6840F3E225B8902B00410E29 /* Practice */,
				6840F3F925B8903900410E29 /* PracticeTests */,
				6840F40425B8903900410E29 /* PracticeUITests */,
				6840F3E125B8902B00410E29 /* Products */,
			);
			sourceTree = "<group>";
		};
		6840F3E125B8902B00410E29 /* Products */ = {
			isa = PBXGroup;
			children = (
				6840F3E025B8902B00410E29 /* Practice.app */,
				6840F3F625B8903900410E29 /* PracticeTests.xctest */,
				6840F40125B8903900410E29 /* PracticeUITests.xctest */,
			);
			name = Products;
			sourceTree = "<group>";
		};
		6840F3E225B8902B00410E29 /* Practice */ = {
			isa = PBXGroup;
			children = (
				6840F3E325B8902B00410E29 /* AppDelegate.swift */,
				6840F3E525B8902B00410E29 /* SceneDelegate.swift */,
				6840F3E725B8902B00410E29 /* ViewController.swift */,
				6840F3E925B8902B00410E29 /* Main.storyboard */,
				6840F3EC25B8903800410E29 /* Assets.xcassets */,
				6840F3EE25B8903800410E29 /* LaunchScreen.storyboard */,
				6840F3F125B8903800410E29 /* Info.plist */,
			);
			path = Practice;
			sourceTree = "<group>";
		};
		6840F3F925B8903900410E29 /* PracticeTests */ = {
			isa = PBXGroup;
			children = (
				6840F3FA25B8903900410E29 /* PracticeTests.swift */,
				6840F3FC25B8903900410E29 /* Info.plist */,
			);
			path = PracticeTests;
			sourceTree = "<group>";
		};
		6840F40425B8903900410E29 /* PracticeUITests */ = {
			isa = PBXGroup;
			children = (
				6840F40525B8903900410E29 /* PracticeUITests.swift */,
				6840F40725B8903900410E29 /* Info.plist */,
			);
			path = PracticeUITests;
			sourceTree = "<group>";
		};
/* End PBXGroup section */

/* Begin PBXNativeTarget section */
		6840F3DF25B8902B00410E29 /* Practice */ = {
			isa = PBXNativeTarget;
			buildConfigurationList = 6840F40A25B8903900410E29 /* Build configuration list for PBXNativeTarget "Practice" */;
			buildPhases = (
				6840F3DC25B8902B00410E29 /* Sources */,
				6840F3DD25B8902B00410E29 /* Frameworks */,
				6840F3DE25B8902B00410E29 /* Resources */,
			);
			buildRules = (
			);
			dependencies = (
			);
			name = Practice;
			productName = Practice;
			productReference = 6840F3E025B8902B00410E29 /* Practice.app */;
			productType = "com.apple.product-type.application";
		};
		6840F3F525B8903900410E29 /* PracticeTests */ = {
			isa = PBXNativeTarget;
			buildConfigurationList = 6840F40D25B8903900410E29 /* Build configuration list for PBXNativeTarget "PracticeTests" */;
			buildPhases = (
				6840F3F225B8903900410E29 /* Sources */,
				6840F3F325B8903900410E29 /* Frameworks */,
				6840F3F425B8903900410E29 /* Resources */,
			);
			buildRules = (
			);
			dependencies = (
				6840F3F825B8903900410E29 /* PBXTargetDependency */,
			);
			name = PracticeTests;
			productName = PracticeTests;
			productReference = 6840F3F625B8903900410E29 /* PracticeTests.xctest */;
			productType = "com.apple.product-type.bundle.unit-test";
		};
		6840F40025B8903900410E29 /* PracticeUITests */ = {
			isa = PBXNativeTarget;
			buildConfigurationList = 6840F41025B8903900410E29 /* Build configuration list for PBXNativeTarget "PracticeUITests" */;
			buildPhases = (
				6840F3FD25B8903900410E29 /* Sources */,
				6840F3FE25B8903900410E29 /* Frameworks */,
				6840F3FF25B8903900410E29 /* Resources */,
			);
			buildRules = (
			);
			dependencies = (
				6840F40325B8903900410E29 /* PBXTargetDependency */,
			);
			name = PracticeUITests;
			productName = PracticeUITests;
			productReference = 6840F40125B8903900410E29 /* PracticeUITests.xctest */;
			productType = "com.apple.product-type.bundle.ui-testing";
		};
/* End PBXNativeTarget section */

/* Begin PBXProject section */
		6840F3D825B8902B00410E29 /* Project object */ = {
			isa = PBXProject;
			attributes = {
				LastSwiftUpdateCheck = 1230;
				LastUpgradeCheck = 1230;
				TargetAttributes = {
					6840F3DF25B8902B00410E29 = {
						CreatedOnToolsVersion = 12.3;
					};
					6840F3F525B8903900410E29 = {
						CreatedOnToolsVersion = 12.3;
						TestTargetID = 6840F3DF25B8902B00410E29;
					};
					6840F40025B8903900410E29 = {
						CreatedOnToolsVersion = 12.3;
						TestTargetID = 6840F3DF25B8902B00410E29;
					};
				};
			};
			buildConfigurationList = 6840F3DB25B8902B00410E29 /* Build configuration list for PBXProject "Practice" */;
			compatibilityVersion = "Xcode 9.3";
			developmentRegion = en;
			hasScannedForEncodings = 0;
			knownRegions = (
				en,
				Base,
			);
			mainGroup = 6840F3D725B8902B00410E29;
			productRefGroup = 6840F3E125B8902B00410E29 /* Products */;
			projectDirPath = "";
			projectRoot = "";
			targets = (
				6840F3DF25B8902B00410E29 /* Practice */,
				6840F3F525B8903900410E29 /* PracticeTests */,
				6840F40025B8903900410E29 /* PracticeUITests */,
			);
		};
/* End PBXProject section */

/* Begin PBXResourcesBuildPhase section */
		6840F3DE25B8902B00410E29 /* Resources */ = {
			isa = PBXResourcesBuildPhase;
			buildActionMask = 2147483647;
			files = (
				6840F3F025B8903800410E29 /* LaunchScreen.storyboard in Resources */,
				6840F3ED25B8903800410E29 /* Assets.xcassets in Resources */,
				6840F3EB25B8902B00410E29 /* Main.storyboard in Resources */,
			);
			runOnlyForDeploymentPostprocessing = 0;
		};
		6840F3F425B8903900410E29 /* Resources */ = {
			isa = PBXResourcesBuildPhase;
			buildActionMask = 2147483647;
			files = (
			);
			runOnlyForDeploymentPostprocessing = 0;
		};
		6840F3FF25B8903900410E29 /* Resources */ = {
			isa = PBXResourcesBuildPhase;
			buildActionMask = 2147483647;
			files = (
			);
			runOnlyForDeploymentPostprocessing = 0;
		};
/* End PBXResourcesBuildPhase section */

/* Begin PBXSourcesBuildPhase section */
		6840F3DC25B8902B00410E29 /* Sources */ = {
			isa = PBXSourcesBuildPhase;
			buildActionMask = 2147483647;
			files = (
				6840F3E825B8902B00410E29 /* ViewController.swift in Sources */,
				6840F3E425B8902B00410E29 /* AppDelegate.swift in Sources */,
				6840F3E625B8902B00410E29 /* SceneDelegate.swift in Sources */,
			);
			runOnlyForDeploymentPostprocessing = 0;
		};
		6840F3F225B8903900410E29 /* Sources */ = {
			isa = PBXSourcesBuildPhase;
			buildActionMask = 2147483647;
			files = (
				6840F3FB25B8903900410E29 /* PracticeTests.swift in Sources */,
			);
			runOnlyForDeploymentPostprocessing = 0;
		};
		6840F3FD25B8903900410E29 /* Sources */ = {
			isa = PBXSourcesBuildPhase;
			buildActionMask = 2147483647;
			files = (
				6840F40625B8903900410E29 /* PracticeUITests.swift in Sources */,
			);
			runOnlyForDeploymentPostprocessing = 0;
		};
/* End PBXSourcesBuildPhase section */

/* Begin PBXTargetDependency section */
		6840F3F825B8903900410E29 /* PBXTargetDependency */ = {
			isa = PBXTargetDependency;
			target = 6840F3DF25B8902B00410E29 /* Practice */;
			targetProxy = 6840F3F725B8903900410E29 /* PBXContainerItemProxy */;
		};
		6840F40325B8903900410E29 /* PBXTargetDependency */ = {
			isa = PBXTargetDependency;
			target = 6840F3DF25B8902B00410E29 /* Practice */;
			targetProxy = 6840F40225B8903900410E29 /* PBXContainerItemProxy */;
		};
/* End PBXTargetDependency section */

/* Begin PBXVariantGroup section */
		6840F3E925B8902B00410E29 /* Main.storyboard */ = {
			isa = PBXVariantGroup;
			children = (
				6840F3EA25B8902B00410E29 /* Base */,
			);
			name = Main.storyboard;
			sourceTree = "<group>";
		};
		6840F3EE25B8903800410E29 /* LaunchScreen.storyboard */ = {
			isa = PBXVariantGroup;
			children = (
				6840F3EF25B8903800410E29 /* Base */,
			);
			name = LaunchScreen.storyboard;
			sourceTree = "<group>";
		};
/* End PBXVariantGroup section */

/* Begin XCBuildConfiguration section */
		6840F40825B8903900410E29 /* Debug */ = {
			isa = XCBuildConfiguration;
			buildSettings = {
				ALWAYS_SEARCH_USER_PATHS = NO;
				CLANG_ANALYZER_NONNULL = YES;
				CLANG_ANALYZER_NUMBER_OBJECT_CONVERSION = YES_AGGRESSIVE;
				CLANG_CXX_LANGUAGE_STANDARD = "gnu++14";
				CLANG_CXX_LIBRARY = "libc++";
				CLANG_ENABLE_MODULES = YES;
				CLANG_ENABLE_OBJC_ARC = YES;
				CLANG_ENABLE_OBJC_WEAK = YES;
				CLANG_WARN_BLOCK_CAPTURE_AUTORELEASING = YES;
				CLANG_WARN_BOOL_CONVERSION = YES;
				CLANG_WARN_COMMA = YES;
				CLANG_WARN_CONSTANT_CONVERSION = YES;
				CLANG_WARN_DEPRECATED_OBJC_IMPLEMENTATIONS = YES;
				CLANG_WARN_DIRECT_OBJC_ISA_USAGE = YES_ERROR;
				CLANG_WARN_DOCUMENTATION_COMMENTS = YES;
				CLANG_WARN_EMPTY_BODY = YES;
				CLANG_WARN_ENUM_CONVERSION = YES;
				CLANG_WARN_INFINITE_RECURSION = YES;
				CLANG_WARN_INT_CONVERSION = YES;
				CLANG_WARN_NON_LITERAL_NULL_CONVERSION = YES;
				CLANG_WARN_OBJC_IMPLICIT_RETAIN_SELF = YES;
				CLANG_WARN_OBJC_LITERAL_CONVERSION = YES;
				CLANG_WARN_OBJC_ROOT_CLASS = YES_ERROR;
				CLANG_WARN_QUOTED_INCLUDE_IN_FRAMEWORK_HEADER = YES;
				CLANG_WARN_RANGE_LOOP_ANALYSIS = YES;
				CLANG_WARN_STRICT_PROTOTYPES = YES;
				CLANG_WARN_SUSPICIOUS_MOVE = YES;
				CLANG_WARN_UNGUARDED_AVAILABILITY = YES_AGGRESSIVE;
				CLANG_WARN_UNREACHABLE_CODE = YES;
				CLANG_WARN__DUPLICATE_METHOD_MATCH = YES;
				COPY_PHASE_STRIP = NO;
				DEBUG_INFORMATION_FORMAT = dwarf;
				ENABLE_STRICT_OBJC_MSGSEND = YES;
				ENABLE_TESTABILITY = YES;
				GCC_C_LANGUAGE_STANDARD = gnu11;
				GCC_DYNAMIC_NO_PIC = NO;
				GCC_NO_COMMON_BLOCKS = YES;
				GCC_OPTIMIZATION_LEVEL = 0;
				GCC_PREPROCESSOR_DEFINITIONS = (
					"DEBUG=1",
					"$(inherited)",
				);
				GCC_WARN_64_TO_32_BIT_CONVERSION = YES;
				GCC_WARN_ABOUT_RETURN_TYPE = YES_ERROR;
				GCC_WARN_UNDECLARED_SELECTOR = YES;
				GCC_WARN_UNINITIALIZED_AUTOS = YES_AGGRESSIVE;
				GCC_WARN_UNUSED_FUNCTION = YES;
				GCC_WARN_UNUSED_VARIABLE = YES;
				IPHONEOS_DEPLOYMENT_TARGET = 14.3;
				MTL_ENABLE_DEBUG_INFO = INCLUDE_SOURCE;
				MTL_FAST_MATH = YES;
				ONLY_ACTIVE_ARCH = YES;
				SDKROOT = iphoneos;
				SWIFT_ACTIVE_COMPILATION_CONDITIONS = DEBUG;
				SWIFT_OPTIMIZATION_LEVEL = "-Onone";
			};
			name = Debug;
		};
		6840F40925B8903900410E29 /* Release */ = {
			isa = XCBuildConfiguration;
			buildSettings = {
				ALWAYS_SEARCH_USER_PATHS = NO;
				CLANG_ANALYZER_NONNULL = YES;
				CLANG_ANALYZER_NUMBER_OBJECT_CONVERSION = YES_AGGRESSIVE;
				CLANG_CXX_LANGUAGE_STANDARD = "gnu++14";
				CLANG_CXX_LIBRARY = "libc++";
				CLANG_ENABLE_MODULES = YES;
				CLANG_ENABLE_OBJC_ARC = YES;
				CLANG_ENABLE_OBJC_WEAK = YES;
				CLANG_WARN_BLOCK_CAPTURE_AUTORELEASING = YES;
				CLANG_WARN_BOOL_CONVERSION = YES;
				CLANG_WARN_COMMA = YES;
				CLANG_WARN_CONSTANT_CONVERSION = YES;
				CLANG_WARN_DEPRECATED_OBJC_IMPLEMENTATIONS = YES;
				CLANG_WARN_DIRECT_OBJC_ISA_USAGE = YES_ERROR;
				CLANG_WARN_DOCUMENTATION_COMMENTS = YES;
				CLANG_WARN_EMPTY_BODY = YES;
				CLANG_WARN_ENUM_CONVERSION = YES;
				CLANG_WARN_INFINITE_RECURSION = YES;
				CLANG_WARN_INT_CONVERSION = YES;
				CLANG_WARN_NON_LITERAL_NULL_CONVERSION = YES;
				CLANG_WARN_OBJC_IMPLICIT_RETAIN_SELF = YES;
				CLANG_WARN_OBJC_LITERAL_CONVERSION = YES;
				CLANG_WARN_OBJC_ROOT_CLASS = YES_ERROR;
				CLANG_WARN_QUOTED_INCLUDE_IN_FRAMEWORK_HEADER = YES;
				CLANG_WARN_RANGE_LOOP_ANALYSIS = YES;
				CLANG_WARN_STRICT_PROTOTYPES = YES;
				CLANG_WARN_SUSPICIOUS_MOVE = YES;
				CLANG_WARN_UNGUARDED_AVAILABILITY = YES_AGGRESSIVE;
				CLANG_WARN_UNREACHABLE_CODE = YES;
				CLANG_WARN__DUPLICATE_METHOD_MATCH = YES;
				COPY_PHASE_STRIP = NO;
				DEBUG_INFORMATION_FORMAT = "dwarf-with-dsym";
				ENABLE_NS_ASSERTIONS = NO;
				ENABLE_STRICT_OBJC_MSGSEND = YES;
				GCC_C_LANGUAGE_STANDARD = gnu11;
				GCC_NO_COMMON_BLOCKS = YES;
				GCC_WARN_64_TO_32_BIT_CONVERSION = YES;
				GCC_WARN_ABOUT_RETURN_TYPE = YES_ERROR;
				GCC_WARN_UNDECLARED_SELECTOR = YES;
				GCC_WARN_UNINITIALIZED_AUTOS = YES_AGGRESSIVE;
				GCC_WARN_UNUSED_FUNCTION = YES;
				GCC_WARN_UNUSED_VARIABLE = YES;
				IPHONEOS_DEPLOYMENT_TARGET = 14.3;
				MTL_ENABLE_DEBUG_INFO = NO;
				MTL_FAST_MATH = YES;
				SDKROOT = iphoneos;
				SWIFT_COMPILATION_MODE = wholemodule;
				SWIFT_OPTIMIZATION_LEVEL = "-O";
				VALIDATE_PRODUCT = YES;
			};
			name = Release;
		};
		6840F40B25B8903900410E29 /* Debug */ = {
			isa = XCBuildConfiguration;
			buildSettings = {
				ASSETCATALOG_COMPILER_APPICON_NAME = AppIcon;
				ASSETCATALOG_COMPILER_GLOBAL_ACCENT_COLOR_NAME = AccentColor;
				CODE_SIGN_STYLE = Automatic;
				DEVELOPMENT_TEAM = GR5565QH8U;
				INFOPLIST_FILE = Practice/Info.plist;
				LD_RUNPATH_SEARCH_PATHS = (
					"$(inherited)",
					"@executable_path/Frameworks",
				);
				PRODUCT_BUNDLE_IDENTIFIER = EC.Practice;
				PRODUCT_NAME = "$(TARGET_NAME)";
				SWIFT_VERSION = 5.0;
				TARGETED_DEVICE_FAMILY = "1,2";
			};
			name = Debug;
		};
		6840F40C25B8903900410E29 /* Release */ = {
			isa = XCBuildConfiguration;
			buildSettings = {
				ASSETCATALOG_COMPILER_APPICON_NAME = AppIcon;
				ASSETCATALOG_COMPILER_GLOBAL_ACCENT_COLOR_NAME = AccentColor;
				CODE_SIGN_STYLE = Automatic;
				DEVELOPMENT_TEAM = GR5565QH8U;
				INFOPLIST_FILE = Practice/Info.plist;
				LD_RUNPATH_SEARCH_PATHS = (
					"$(inherited)",
					"@executable_path/Frameworks",
				);
				PRODUCT_BUNDLE_IDENTIFIER = EC.Practice;
				PRODUCT_NAME = "$(TARGET_NAME)";
				SWIFT_VERSION = 5.0;
				TARGETED_DEVICE_FAMILY = "1,2";
			};
			name = Release;
		};
		6840F40E25B8903900410E29 /* Debug */ = {
			isa = XCBuildConfiguration;
			buildSettings = {
				ALWAYS_EMBED_SWIFT_STANDARD_LIBRARIES = YES;
				BUNDLE_LOADER = "$(TEST_HOST)";
				CODE_SIGN_STYLE = Automatic;
				DEVELOPMENT_TEAM = GR5565QH8U;
				INFOPLIST_FILE = PracticeTests/Info.plist;
				IPHONEOS_DEPLOYMENT_TARGET = 14.3;
				LD_RUNPATH_SEARCH_PATHS = (
					"$(inherited)",
					"@executable_path/Frameworks",
					"@loader_path/Frameworks",
				);
				PRODUCT_BUNDLE_IDENTIFIER = EC.PracticeTests;
				PRODUCT_NAME = "$(TARGET_NAME)";
				SWIFT_VERSION = 5.0;
				TARGETED_DEVICE_FAMILY = "1,2";
				TEST_HOST = "$(BUILT_PRODUCTS_DIR)/Practice.app/Practice";
			};
			name = Debug;
		};
		6840F40F25B8903900410E29 /* Release */ = {
			isa = XCBuildConfiguration;
			buildSettings = {
				ALWAYS_EMBED_SWIFT_STANDARD_LIBRARIES = YES;
				BUNDLE_LOADER = "$(TEST_HOST)";
				CODE_SIGN_STYLE = Automatic;
				DEVELOPMENT_TEAM = GR5565QH8U;
				INFOPLIST_FILE = PracticeTests/Info.plist;
				IPHONEOS_DEPLOYMENT_TARGET = 14.3;
				LD_RUNPATH_SEARCH_PATHS = (
					"$(inherited)",
					"@executable_path/Frameworks",
					"@loader_path/Frameworks",
				);
				PRODUCT_BUNDLE_IDENTIFIER = EC.PracticeTests;
				PRODUCT_NAME = "$(TARGET_NAME)";
				SWIFT_VERSION = 5.0;
				TARGETED_DEVICE_FAMILY = "1,2";
				TEST_HOST = "$(BUILT_PRODUCTS_DIR)/Practice.app/Practice";
			};
			name = Release;
		};
		6840F41125B8903900410E29 /* Debug */ = {
			isa = XCBuildConfiguration;
			buildSettings = {
				ALWAYS_EMBED_SWIFT_STANDARD_LIBRARIES = YES;
				CODE_SIGN_STYLE = Automatic;
				DEVELOPMENT_TEAM = GR5565QH8U;
				INFOPLIST_FILE = PracticeUITests/Info.plist;
				LD_RUNPATH_SEARCH_PATHS = (
					"$(inherited)",
					"@executable_path/Frameworks",
					"@loader_path/Frameworks",
				);
				PRODUCT_BUNDLE_IDENTIFIER = EC.PracticeUITests;
				PRODUCT_NAME = "$(TARGET_NAME)";
				SWIFT_VERSION = 5.0;
				TARGETED_DEVICE_FAMILY = "1,2";
				TEST_TARGET_NAME = Practice;
			};
			name = Debug;
		};
		6840F41225B8903900410E29 /* Release */ = {
			isa = XCBuildConfiguration;
			buildSettings = {
				ALWAYS_EMBED_SWIFT_STANDARD_LIBRARIES = YES;
				CODE_SIGN_STYLE = Automatic;
				DEVELOPMENT_TEAM = GR5565QH8U;
				INFOPLIST_FILE = PracticeUITests/Info.plist;
				LD_RUNPATH_SEARCH_PATHS = (
					"$(inherited)",
					"@executable_path/Frameworks",
					"@loader_path/Frameworks",
				);
				PRODUCT_BUNDLE_IDENTIFIER = EC.PracticeUITests;
				PRODUCT_NAME = "$(TARGET_NAME)";
				SWIFT_VERSION = 5.0;
				TARGETED_DEVICE_FAMILY = "1,2";
				TEST_TARGET_NAME = Practice;
			};
			name = Release;
		};
/* End XCBuildConfiguration section */

/* Begin XCConfigurationList section */
		6840F3DB25B8902B00410E29 /* Build configuration list for PBXProject "Practice" */ = {
			isa = XCConfigurationList;
			buildConfigurations = (
				6840F40825B8903900410E29 /* Debug */,
				6840F40925B8903900410E29 /* Release */,
			);
			defaultConfigurationIsVisible = 0;
			defaultConfigurationName = Release;
		};
		6840F40A25B8903900410E29 /* Build configuration list for PBXNativeTarget "Practice" */ = {
			isa = XCConfigurationList;
			buildConfigurations = (
				6840F40B25B8903900410E29 /* Debug */,
				6840F40C25B8903900410E29 /* Release */,
			);
			defaultConfigurationIsVisible = 0;
			defaultConfigurationName = Release;
		};
		6840F40D25B8903900410E29 /* Build configuration list for PBXNativeTarget "PracticeTests" */ = {
			isa = XCConfigurationList;
			buildConfigurations = (
				6840F40E25B8903900410E29 /* Debug */,
				6840F40F25B8903900410E29 /* Release */,
			);
			defaultConfigurationIsVisible = 0;
			defaultConfigurationName = Release;
		};
		6840F41025B8903900410E29 /* Build configuration list for PBXNativeTarget "PracticeUITests" */ = {
			isa = XCConfigurationList;
			buildConfigurations = (
				6840F41125B8903900410E29 /* Debug */,
				6840F41225B8903900410E29 /* Release */,
			);
			defaultConfigurationIsVisible = 0;
			defaultConfigurationName = Release;
		};
/* End XCConfigurationList section */
	};
	rootObject = 6840F3D825B8902B00410E29 /* Project object */;
}
